// !$*UTF8*$!
{
	archiveVersion = 1;
	classes = {
	};
	objectVersion = 50;
	objects = {

/* Begin PBXBuildFile section */
		A6809C8426082BA2004C7A12 /* AppDelegate.m in Sources */ = {isa = PBXBuildFile; fileRef = A6809C8326082BA2004C7A12 /* AppDelegate.m */; };
		A6809C8726082BA2004C7A12 /* SceneDelegate.m in Sources */ = {isa = PBXBuildFile; fileRef = A6809C8626082BA2004C7A12 /* SceneDelegate.m */; };
		A6809C8A26082BA2004C7A12 /* ViewController.m in Sources */ = {isa = PBXBuildFile; fileRef = A6809C8926082BA2004C7A12 /* ViewController.m */; };
		A6809C8D26082BA2004C7A12 /* Main.storyboard in Resources */ = {isa = PBXBuildFile; fileRef = A6809C8B26082BA2004C7A12 /* Main.storyboard */; };
		A6809C8F26082BA7004C7A12 /* Assets.xcassets in Resources */ = {isa = PBXBuildFile; fileRef = A6809C8E26082BA7004C7A12 /* Assets.xcassets */; };
		A6809C9226082BA7004C7A12 /* LaunchScreen.storyboard in Resources */ = {isa = PBXBuildFile; fileRef = A6809C9026082BA7004C7A12 /* LaunchScreen.storyboard */; };
		A6809C9526082BA7004C7A12 /* main.m in Sources */ = {isa = PBXBuildFile; fileRef = A6809C9426082BA7004C7A12 /* main.m */; };
		A6809CA226082BEC004C7A12 /* Test.swift in Sources */ = {isa = PBXBuildFile; fileRef = A6809CA126082BEC004C7A12 /* Test.swift */; };
/* End PBXBuildFile section */

/* Begin PBXFileReference section */
		A6809C7F26082BA2004C7A12 /* SwiftInObjC.app */ = {isa = PBXFileReference; explicitFileType = wrapper.application; includeInIndex = 0; path = SwiftInObjC.app; sourceTree = BUILT_PRODUCTS_DIR; };
		A6809C8226082BA2004C7A12 /* AppDelegate.h */ = {isa = PBXFileReference; lastKnownFileType = sourcecode.c.h; path = AppDelegate.h; sourceTree = "<group>"; };
		A6809C8326082BA2004C7A12 /* AppDelegate.m */ = {isa = PBXFileReference; lastKnownFileType = sourcecode.c.objc; path = AppDelegate.m; sourceTree = "<group>"; };
		A6809C8526082BA2004C7A12 /* SceneDelegate.h */ = {isa = PBXFileReference; lastKnownFileType = sourcecode.c.h; path = SceneDelegate.h; sourceTree = "<group>"; };
		A6809C8626082BA2004C7A12 /* SceneDelegate.m */ = {isa = PBXFileReference; lastKnownFileType = sourcecode.c.objc; path = SceneDelegate.m; sourceTree = "<group>"; };
		A6809C8826082BA2004C7A12 /* ViewController.h */ = {isa = PBXFileReference; lastKnownFileType = sourcecode.c.h; path = ViewController.h; sourceTree = "<group>"; };
		A6809C8926082BA2004C7A12 /* ViewController.m */ = {isa = PBXFileReference; lastKnownFileType = sourcecode.c.objc; path = ViewController.m; sourceTree = "<group>"; };
		A6809C8C26082BA2004C7A12 /* Base */ = {isa = PBXFileReference; lastKnownFileType = file.storyboard; name = Base; path = Base.lproj/Main.storyboard; sourceTree = "<group>"; };
		A6809C8E26082BA7004C7A12 /* Assets.xcassets */ = {isa = PBXFileReference; lastKnownFileType = folder.assetcatalog; path = Assets.xcassets; sourceTree = "<group>"; };
		A6809C9126082BA7004C7A12 /* Base */ = {isa = PBXFileReference; lastKnownFileType = file.storyboard; name = Base; path = Base.lproj/LaunchScreen.storyboard; sourceTree = "<group>"; };
		A6809C9326082BA7004C7A12 /* Info.plist */ = {isa = PBXFileReference; lastKnownFileType = text.plist.xml; path = Info.plist; sourceTree = "<group>"; };
		A6809C9426082BA7004C7A12 /* main.m */ = {isa = PBXFileReference; lastKnownFileType = sourcecode.c.objc; path = main.m; sourceTree = "<group>"; };
		A6809C9C26082BCA004C7A12 /* SwiftInObjC-Bridging-Header.h */ = {isa = PBXFileReference; lastKnownFileType = sourcecode.c.h; path = "SwiftInObjC-Bridging-Header.h"; sourceTree = "<group>"; };
		A6809CA126082BEC004C7A12 /* Test.swift */ = {isa = PBXFileReference; lastKnownFileType = sourcecode.swift; path = Test.swift; sourceTree = "<group>"; };
/* End PBXFileReference section */

/* Begin PBXFrameworksBuildPhase section */
		A6809C7C26082BA1004C7A12 /* Frameworks */ = {
			isa = PBXFrameworksBuildPhase;
			buildActionMask = 2147483647;
			files = (
			);
			runOnlyForDeploymentPostprocessing = 0;
		};
/* End PBXFrameworksBuildPhase section */

/* Begin PBXGroup section */
		A6809C7626082BA1004C7A12 = {
			isa = PBXGroup;
			children = (
				A6809C8126082BA2004C7A12 /* SwiftInObjC */,
				A6809C8026082BA2004C7A12 /* Products */,
			);
			sourceTree = "<group>";
		};
		A6809C8026082BA2004C7A12 /* Products */ = {
			isa = PBXGroup;
			children = (
				A6809C7F26082BA2004C7A12 /* SwiftInObjC.app */,
			);
			name = Products;
			sourceTree = "<group>";
		};
		A6809C8126082BA2004C7A12 /* SwiftInObjC */ = {
			isa = PBXGroup;
			children = (
				A6809C8226082BA2004C7A12 /* AppDelegate.h */,
				A6809C8326082BA2004C7A12 /* AppDelegate.m */,
				A6809C8526082BA2004C7A12 /* SceneDelegate.h */,
				A6809C8626082BA2004C7A12 /* SceneDelegate.m */,
				A6809C8826082BA2004C7A12 /* ViewController.h */,
				A6809C8926082BA2004C7A12 /* ViewController.m */,
				A6809C8B26082BA2004C7A12 /* Main.storyboard */,
				A6809C8E26082BA7004C7A12 /* Assets.xcassets */,
				A6809C9026082BA7004C7A12 /* LaunchScreen.storyboard */,
				A6809C9326082BA7004C7A12 /* Info.plist */,
				A6809C9426082BA7004C7A12 /* main.m */,
				A6809C9C26082BCA004C7A12 /* SwiftInObjC-Bridging-Header.h */,
				A6809CA126082BEC004C7A12 /* Test.swift */,
			);
			path = SwiftInObjC;
			sourceTree = "<group>";
		};
/* End PBXGroup section */

/* Begin PBXNativeTarget section */
		A6809C7E26082BA1004C7A12 /* SwiftInObjC */ = {
			isa = PBXNativeTarget;
			buildConfigurationList = A6809C9826082BA7004C7A12 /* Build configuration list for PBXNativeTarget "SwiftInObjC" */;
			buildPhases = (
				A6809C7B26082BA1004C7A12 /* Sources */,
				A6809C7C26082BA1004C7A12 /* Frameworks */,
				A6809C7D26082BA1004C7A12 /* Resources */,
			);
			buildRules = (
			);
			dependencies = (
			);
			name = SwiftInObjC;
			productName = SwiftInObjC;
			productReference = A6809C7F26082BA2004C7A12 /* SwiftInObjC.app */;
			productType = "com.apple.product-type.application";
		};
/* End PBXNativeTarget section */

/* Begin PBXProject section */
		A6809C7726082BA1004C7A12 /* Project object */ = {
			isa = PBXProject;
			attributes = {
				LastUpgradeCheck = 1240;
				TargetAttributes = {
					A6809C7E26082BA1004C7A12 = {
						CreatedOnToolsVersion = 12.4;
						LastSwiftMigration = 1240;
					};
				};
			};
			buildConfigurationList = A6809C7A26082BA1004C7A12 /* Build configuration list for PBXProject "SwiftInObjC" */;
			compatibilityVersion = "Xcode 9.3";
			developmentRegion = en;
			hasScannedForEncodings = 0;
			knownRegions = (
				en,
				Base,
			);
			mainGroup = A6809C7626082BA1004C7A12;
			productRefGroup = A6809C8026082BA2004C7A12 /* Products */;
			projectDirPath = "";
			projectRoot = "";
			targets = (
				A6809C7E26082BA1004C7A12 /* SwiftInObjC */,
			);
		};
/* End PBXProject section */

/* Begin PBXResourcesBuildPhase section */
		A6809C7D26082BA1004C7A12 /* Resources */ = {
			isa = PBXResourcesBuildPhase;
			buildActionMask = 2147483647;
			files = (
				A6809C9226082BA7004C7A12 /* LaunchScreen.storyboard in Resources */,
				A6809C8F26082BA7004C7A12 /* Assets.xcassets in Resources */,
				A6809C8D26082BA2004C7A12 /* Main.storyboard in Resources */,
			);
			runOnlyForDeploymentPostprocessing = 0;
		};
/* End PBXResourcesBuildPhase section */

/* Begin PBXSourcesBuildPhase section */
		A6809C7B26082BA1004C7A12 /* Sources */ = {
			isa = PBXSourcesBuildPhase;
			buildActionMask = 2147483647;
			files = (
				A6809C8A26082BA2004C7A12 /* ViewController.m in Sources */,
				A6809C8426082BA2004C7A12 /* AppDelegate.m in Sources */,
				A6809CA226082BEC004C7A12 /* Test.swift in Sources */,
				A6809C9526082BA7004C7A12 /* main.m in Sources */,
				A6809C8726082BA2004C7A12 /* SceneDelegate.m in Sources */,
			);
			runOnlyForDeploymentPostprocessing = 0;
		};
/* End PBXSourcesBuildPhase section */

/* Begin PBXVariantGroup section */
		A6809C8B26082BA2004C7A12 /* Main.storyboard */ = {
			isa = PBXVariantGroup;
			children = (
				A6809C8C26082BA2004C7A12 /* Base */,
			);
			name = Main.storyboard;
			sourceTree = "<group>";
		};
		A6809C9026082BA7004C7A12 /* LaunchScreen.storyboard */ = {
			isa = PBXVariantGroup;
			children = (
				A6809C9126082BA7004C7A12 /* Base */,
			);
			name = LaunchScreen.storyboard;
			sourceTree = "<group>";
		};
/* End PBXVariantGroup section */

/* Begin XCBuildConfiguration section */
		A6809C9626082BA7004C7A12 /* Debug */ = {
			isa = XCBuildConfiguration;
			buildSettings = {
				ALWAYS_SEARCH_USER_PATHS = NO;
				CLANG_ANALYZER_NONNULL = YES;
				CLANG_ANALYZER_NUMBER_OBJECT_CONVERSION = YES_AGGRESSIVE;
				CLANG_CXX_LANGUAGE_STANDARD = "gnu++14";
				CLANG_CXX_LIBRARY = "libc++";
				CLANG_ENABLE_MODULES = YES;
				CLANG_ENABLE_OBJC_ARC = YES;
				CLANG_ENABLE_OBJC_WEAK = YES;
				CLANG_WARN_BLOCK_CAPTURE_AUTORELEASING = YES;
				CLANG_WARN_BOOL_CONVERSION = YES;
				CLANG_WARN_COMMA = YES;
				CLANG_WARN_CONSTANT_CONVERSION = YES;
				CLANG_WARN_DEPRECATED_OBJC_IMPLEMENTATIONS = YES;
				CLANG_WARN_DIRECT_OBJC_ISA_USAGE = YES_ERROR;
				CLANG_WARN_DOCUMENTATION_COMMENTS = YES;
				CLANG_WARN_EMPTY_BODY = YES;
				CLANG_WARN_ENUM_CONVERSION = YES;
				CLANG_WARN_INFINITE_RECURSION = YES;
				CLANG_WARN_INT_CONVERSION = YES;
				CLANG_WARN_NON_LITERAL_NULL_CONVERSION = YES;
				CLANG_WARN_OBJC_IMPLICIT_RETAIN_SELF = YES;
				CLANG_WARN_OBJC_LITERAL_CONVERSION = YES;
				CLANG_WARN_OBJC_ROOT_CLASS = YES_ERROR;
				CLANG_WARN_QUOTED_INCLUDE_IN_FRAMEWORK_HEADER = YES;
				CLANG_WARN_RANGE_LOOP_ANALYSIS = YES;
				CLANG_WARN_STRICT_PROTOTYPES = YES;
				CLANG_WARN_SUSPICIOUS_MOVE = YES;
				CLANG_WARN_UNGUARDED_AVAILABILITY = YES_AGGRESSIVE;
				CLANG_WARN_UNREACHABLE_CODE = YES;
				CLANG_WARN__DUPLICATE_METHOD_MATCH = YES;
				COPY_PHASE_STRIP = NO;
				DEBUG_INFORMATION_FORMAT = dwarf;
				ENABLE_STRICT_OBJC_MSGSEND = YES;
				ENABLE_TESTABILITY = YES;
				GCC_C_LANGUAGE_STANDARD = gnu11;
				GCC_DYNAMIC_NO_PIC = NO;
				GCC_NO_COMMON_BLOCKS = YES;
				GCC_OPTIMIZATION_LEVEL = 0;
				GCC_PREPROCESSOR_DEFINITIONS = (
					"DEBUG=1",
					"$(inherited)",
				);
				GCC_WARN_64_TO_32_BIT_CONVERSION = YES;
				GCC_WARN_ABOUT_RETURN_TYPE = YES_ERROR;
				GCC_WARN_UNDECLARED_SELECTOR = YES;
				GCC_WARN_UNINITIALIZED_AUTOS = YES_AGGRESSIVE;
				GCC_WARN_UNUSED_FUNCTION = YES;
				GCC_WARN_UNUSED_VARIABLE = YES;
				IPHONEOS_DEPLOYMENT_TARGET = 14.4;
				MTL_ENABLE_DEBUG_INFO = INCLUDE_SOURCE;
				MTL_FAST_MATH = YES;
				ONLY_ACTIVE_ARCH = YES;
				SDKROOT = iphoneos;
			};
			name = Debug;
		};
		A6809C9726082BA7004C7A12 /* Release */ = {
			isa = XCBuildConfiguration;
			buildSettings = {
				ALWAYS_SEARCH_USER_PATHS = NO;
				CLANG_ANALYZER_NONNULL = YES;
				CLANG_ANALYZER_NUMBER_OBJECT_CONVERSION = YES_AGGRESSIVE;
				CLANG_CXX_LANGUAGE_STANDARD = "gnu++14";
				CLANG_CXX_LIBRARY = "libc++";
				CLANG_ENABLE_MODULES = YES;
				CLANG_ENABLE_OBJC_ARC = YES;
				CLANG_ENABLE_OBJC_WEAK = YES;
				CLANG_WARN_BLOCK_CAPTURE_AUTORELEASING = YES;
				CLANG_WARN_BOOL_CONVERSION = YES;
				CLANG_WARN_COMMA = YES;
				CLANG_WARN_CONSTANT_CONVERSION = YES;
				CLANG_WARN_DEPRECATED_OBJC_IMPLEMENTATIONS = YES;
				CLANG_WARN_DIRECT_OBJC_ISA_USAGE = YES_ERROR;
				CLANG_WARN_DOCUMENTATION_COMMENTS = YES;
				CLANG_WARN_EMPTY_BODY = YES;
				CLANG_WARN_ENUM_CONVERSION = YES;
				CLANG_WARN_INFINITE_RECURSION = YES;
				CLANG_WARN_INT_CONVERSION = YES;
				CLANG_WARN_NON_LITERAL_NULL_CONVERSION = YES;
				CLANG_WARN_OBJC_IMPLICIT_RETAIN_SELF = YES;
				CLANG_WARN_OBJC_LITERAL_CONVERSION = YES;
				CLANG_WARN_OBJC_ROOT_CLASS = YES_ERROR;
				CLANG_WARN_QUOTED_INCLUDE_IN_FRAMEWORK_HEADER = YES;
				CLANG_WARN_RANGE_LOOP_ANALYSIS = YES;
				CLANG_WARN_STRICT_PROTOTYPES = YES;
				CLANG_WARN_SUSPICIOUS_MOVE = YES;
				CLANG_WARN_UNGUARDED_AVAILABILITY = YES_AGGRESSIVE;
				CLANG_WARN_UNREACHABLE_CODE = YES;
				CLANG_WARN__DUPLICATE_METHOD_MATCH = YES;
				COPY_PHASE_STRIP = NO;
				DEBUG_INFORMATION_FORMAT = "dwarf-with-dsym";
				ENABLE_NS_ASSERTIONS = NO;
				ENABLE_STRICT_OBJC_MSGSEND = YES;
				GCC_C_LANGUAGE_STANDARD = gnu11;
				GCC_NO_COMMON_BLOCKS = YES;
				GCC_WARN_64_TO_32_BIT_CONVERSION = YES;
				GCC_WARN_ABOUT_RETURN_TYPE = YES_ERROR;
				GCC_WARN_UNDECLARED_SELECTOR = YES;
				GCC_WARN_UNINITIALIZED_AUTOS = YES_AGGRESSIVE;
				GCC_WARN_UNUSED_FUNCTION = YES;
				GCC_WARN_UNUSED_VARIABLE = YES;
				IPHONEOS_DEPLOYMENT_TARGET = 14.4;
				MTL_ENABLE_DEBUG_INFO = NO;
				MTL_FAST_MATH = YES;
				SDKROOT = iphoneos;
				VALIDATE_PRODUCT = YES;
			};
			name = Release;
		};
		A6809C9926082BA7004C7A12 /* Debug */ = {
			isa = XCBuildConfiguration;
			buildSettings = {
				ASSETCATALOG_COMPILER_APPICON_NAME = AppIcon;
				ASSETCATALOG_COMPILER_GLOBAL_ACCENT_COLOR_NAME = AccentColor;
				CLANG_ENABLE_MODULES = YES;
				CODE_SIGN_STYLE = Automatic;
				DEFINES_MODULE = YES;
				DEVELOPMENT_TEAM = RFL4U7F7A3;
				INFOPLIST_FILE = SwiftInObjC/Info.plist;
				LD_RUNPATH_SEARCH_PATHS = (
					"$(inherited)",
					"@executable_path/Frameworks",
				);
				PRODUCT_BUNDLE_IDENTIFIER = com.abc.com.SwiftInObjC;
				PRODUCT_NAME = "$(TARGET_NAME)";
				SWIFT_OBJC_BRIDGING_HEADER = "SwiftInObjC/SwiftInObjC-Bridging-Header.h";
				SWIFT_OPTIMIZATION_LEVEL = "-Onone";
				SWIFT_VERSION = 5.0;
				TARGETED_DEVICE_FAMILY = "1,2";
			};
			name = Debug;
		};
		A6809C9A26082BA7004C7A12 /* Release */ = {
			isa = XCBuildConfiguration;
			buildSettings = {
				ASSETCATALOG_COMPILER_APPICON_NAME = AppIcon;
				ASSETCATALOG_COMPILER_GLOBAL_ACCENT_COLOR_NAME = AccentColor;
				CLANG_ENABLE_MODULES = YES;
				CODE_SIGN_STYLE = Automatic;
				DEFINES_MODULE = YES;
				DEVELOPMENT_TEAM = RFL4U7F7A3;
				INFOPLIST_FILE = SwiftInObjC/Info.plist;
				LD_RUNPATH_SEARCH_PATHS = (
					"$(inherited)",
					"@executable_path/Frameworks",
				);
				PRODUCT_BUNDLE_IDENTIFIER = com.abc.com.SwiftInObjC;
				PRODUCT_NAME = "$(TARGET_NAME)";
				SWIFT_OBJC_BRIDGING_HEADER = "SwiftInObjC/SwiftInObjC-Bridging-Header.h";
				SWIFT_VERSION = 5.0;
				TARGETED_DEVICE_FAMILY = "1,2";
			};
			name = Release;
		};
/* End XCBuildConfiguration section */

/* Begin XCConfigurationList section */
		A6809C7A26082BA1004C7A12 /* Build configuration list for PBXProject "SwiftInObjC" */ = {
			isa = XCConfigurationList;
			buildConfigurations = (
				A6809C9626082BA7004C7A12 /* Debug */,
				A6809C9726082BA7004C7A12 /* Release */,
			);
			defaultConfigurationIsVisible = 0;
			defaultConfigurationName = Release;
		};
		A6809C9826082BA7004C7A12 /* Build configuration list for PBXNativeTarget "SwiftInObjC" */ = {
			isa = XCConfigurationList;
			buildConfigurations = (
				A6809C9926082BA7004C7A12 /* Debug */,
				A6809C9A26082BA7004C7A12 /* Release */,
			);
			defaultConfigurationIsVisible = 0;
			defaultConfigurationName = Release;
		};
/* End XCConfigurationList section */
	};
	rootObject = A6809C7726082BA1004C7A12 /* Project object */;
}
